// !$*UTF8*$!
{
	archiveVersion = 1;
	classes = {
	};
	objectVersion = 46;
	objects = {

/* Begin PBXBuildFile section */
		9F30F4631BD0A63600A95523 /* AppDelegate.swift in Sources */ = {isa = PBXBuildFile; fileRef = 9F30F4621BD0A63600A95523 /* AppDelegate.swift */; };
		9F30F4651BD0A63600A95523 /* ViewController.swift in Sources */ = {isa = PBXBuildFile; fileRef = 9F30F4641BD0A63600A95523 /* ViewController.swift */; };
		9F30F4681BD0A63600A95523 /* Main.storyboard in Resources */ = {isa = PBXBuildFile; fileRef = 9F30F4661BD0A63600A95523 /* Main.storyboard */; };
		9F30F46A1BD0A63600A95523 /* Assets.xcassets in Resources */ = {isa = PBXBuildFile; fileRef = 9F30F4691BD0A63600A95523 /* Assets.xcassets */; };
		9F30F46D1BD0A63600A95523 /* LaunchScreen.storyboard in Resources */ = {isa = PBXBuildFile; fileRef = 9F30F46B1BD0A63600A95523 /* LaunchScreen.storyboard */; };
		9F30F4781BD0A63600A95523 /* StopwatchTests.swift in Sources */ = {isa = PBXBuildFile; fileRef = 9F30F4771BD0A63600A95523 /* StopwatchTests.swift */; };
		9F30F4831BD0A63600A95523 /* StopwatchUITests.swift in Sources */ = {isa = PBXBuildFile; fileRef = 9F30F4821BD0A63600A95523 /* StopwatchUITests.swift */; };
		9F30F4931BD0B4EF00A95523 /* Stopwatch.swift in Sources */ = {isa = PBXBuildFile; fileRef = 9F30F4921BD0B4EF00A95523 /* Stopwatch.swift */; settings = {ASSET_TAGS = (); }; };
/* End PBXBuildFile section */

/* Begin PBXContainerItemProxy section */
		9F30F4741BD0A63600A95523 /* PBXContainerItemProxy */ = {
			isa = PBXContainerItemProxy;
			containerPortal = 9F30F4571BD0A63500A95523 /* Project object */;
			proxyType = 1;
			remoteGlobalIDString = 9F30F45E1BD0A63500A95523;
			remoteInfo = Stopwatch;
		};
		9F30F47F1BD0A63600A95523 /* PBXContainerItemProxy */ = {
			isa = PBXContainerItemProxy;
			containerPortal = 9F30F4571BD0A63500A95523 /* Project object */;
			proxyType = 1;
			remoteGlobalIDString = 9F30F45E1BD0A63500A95523;
			remoteInfo = Stopwatch;
		};
/* End PBXContainerItemProxy section */

/* Begin PBXFileReference section */
		9F30F45F1BD0A63500A95523 /* Stopwatch.app */ = {isa = PBXFileReference; explicitFileType = wrapper.application; includeInIndex = 0; path = Stopwatch.app; sourceTree = BUILT_PRODUCTS_DIR; };
		9F30F4621BD0A63600A95523 /* AppDelegate.swift */ = {isa = PBXFileReference; lastKnownFileType = sourcecode.swift; path = AppDelegate.swift; sourceTree = "<group>"; };
		9F30F4641BD0A63600A95523 /* ViewController.swift */ = {isa = PBXFileReference; lastKnownFileType = sourcecode.swift; path = ViewController.swift; sourceTree = "<group>"; };
		9F30F4671BD0A63600A95523 /* Base */ = {isa = PBXFileReference; lastKnownFileType = file.storyboard; name = Base; path = Base.lproj/Main.storyboard; sourceTree = "<group>"; };
		9F30F4691BD0A63600A95523 /* Assets.xcassets */ = {isa = PBXFileReference; lastKnownFileType = folder.assetcatalog; path = Assets.xcassets; sourceTree = "<group>"; };
		9F30F46C1BD0A63600A95523 /* Base */ = {isa = PBXFileReference; lastKnownFileType = file.storyboard; name = Base; path = Base.lproj/LaunchScreen.storyboard; sourceTree = "<group>"; };
		9F30F46E1BD0A63600A95523 /* Info.plist */ = {isa = PBXFileReference; lastKnownFileType = text.plist.xml; path = Info.plist; sourceTree = "<group>"; };
		9F30F4731BD0A63600A95523 /* StopwatchTests.xctest */ = {isa = PBXFileReference; explicitFileType = wrapper.cfbundle; includeInIndex = 0; path = StopwatchTests.xctest; sourceTree = BUILT_PRODUCTS_DIR; };
		9F30F4771BD0A63600A95523 /* StopwatchTests.swift */ = {isa = PBXFileReference; lastKnownFileType = sourcecode.swift; path = StopwatchTests.swift; sourceTree = "<group>"; };
		9F30F4791BD0A63600A95523 /* Info.plist */ = {isa = PBXFileReference; lastKnownFileType = text.plist.xml; path = Info.plist; sourceTree = "<group>"; };
		9F30F47E1BD0A63600A95523 /* StopwatchUITests.xctest */ = {isa = PBXFileReference; explicitFileType = wrapper.cfbundle; includeInIndex = 0; path = StopwatchUITests.xctest; sourceTree = BUILT_PRODUCTS_DIR; };
		9F30F4821BD0A63600A95523 /* StopwatchUITests.swift */ = {isa = PBXFileReference; lastKnownFileType = sourcecode.swift; path = StopwatchUITests.swift; sourceTree = "<group>"; };
		9F30F4841BD0A63600A95523 /* Info.plist */ = {isa = PBXFileReference; lastKnownFileType = text.plist.xml; path = Info.plist; sourceTree = "<group>"; };
		9F30F4921BD0B4EF00A95523 /* Stopwatch.swift */ = {isa = PBXFileReference; fileEncoding = 4; lastKnownFileType = sourcecode.swift; path = Stopwatch.swift; sourceTree = "<group>"; };
/* End PBXFileReference section */

/* Begin PBXFrameworksBuildPhase section */
		9F30F45C1BD0A63500A95523 /* Frameworks */ = {
			isa = PBXFrameworksBuildPhase;
			buildActionMask = 2147483647;
			files = (
			);
			runOnlyForDeploymentPostprocessing = 0;
		};
		9F30F4701BD0A63600A95523 /* Frameworks */ = {
			isa = PBXFrameworksBuildPhase;
			buildActionMask = 2147483647;
			files = (
			);
			runOnlyForDeploymentPostprocessing = 0;
		};
		9F30F47B1BD0A63600A95523 /* Frameworks */ = {
			isa = PBXFrameworksBuildPhase;
			buildActionMask = 2147483647;
			files = (
			);
			runOnlyForDeploymentPostprocessing = 0;
		};
/* End PBXFrameworksBuildPhase section */

/* Begin PBXGroup section */
		9F30F4561BD0A63500A95523 = {
			isa = PBXGroup;
			children = (
				9F30F4611BD0A63600A95523 /* Stopwatch */,
				9F30F4761BD0A63600A95523 /* StopwatchTests */,
				9F30F4811BD0A63600A95523 /* StopwatchUITests */,
				9F30F4601BD0A63500A95523 /* Products */,
			);
			sourceTree = "<group>";
		};
		9F30F4601BD0A63500A95523 /* Products */ = {
			isa = PBXGroup;
			children = (
				9F30F45F1BD0A63500A95523 /* Stopwatch.app */,
				9F30F4731BD0A63600A95523 /* StopwatchTests.xctest */,
				9F30F47E1BD0A63600A95523 /* StopwatchUITests.xctest */,
			);
			name = Products;
			sourceTree = "<group>";
		};
		9F30F4611BD0A63600A95523 /* Stopwatch */ = {
			isa = PBXGroup;
			children = (
				9F30F4621BD0A63600A95523 /* AppDelegate.swift */,
				9F30F4641BD0A63600A95523 /* ViewController.swift */,
				9F30F4661BD0A63600A95523 /* Main.storyboard */,
				9F30F4921BD0B4EF00A95523 /* Stopwatch.swift */,
				9F30F4691BD0A63600A95523 /* Assets.xcassets */,
				9F30F46B1BD0A63600A95523 /* LaunchScreen.storyboard */,
				9F30F46E1BD0A63600A95523 /* Info.plist */,
			);
			path = Stopwatch;
			sourceTree = "<group>";
		};
		9F30F4761BD0A63600A95523 /* StopwatchTests */ = {
			isa = PBXGroup;
			children = (
				9F30F4771BD0A63600A95523 /* StopwatchTests.swift */,
				9F30F4791BD0A63600A95523 /* Info.plist */,
			);
			path = StopwatchTests;
			sourceTree = "<group>";
		};
		9F30F4811BD0A63600A95523 /* StopwatchUITests */ = {
			isa = PBXGroup;
			children = (
				9F30F4821BD0A63600A95523 /* StopwatchUITests.swift */,
				9F30F4841BD0A63600A95523 /* Info.plist */,
			);
			path = StopwatchUITests;
			sourceTree = "<group>";
		};
/* End PBXGroup section */

/* Begin PBXNativeTarget section */
		9F30F45E1BD0A63500A95523 /* Stopwatch */ = {
			isa = PBXNativeTarget;
			buildConfigurationList = 9F30F4871BD0A63600A95523 /* Build configuration list for PBXNativeTarget "Stopwatch" */;
			buildPhases = (
				9F30F45B1BD0A63500A95523 /* Sources */,
				9F30F45C1BD0A63500A95523 /* Frameworks */,
				9F30F45D1BD0A63500A95523 /* Resources */,
			);
			buildRules = (
			);
			dependencies = (
			);
			name = Stopwatch;
			productName = Stopwatch;
			productReference = 9F30F45F1BD0A63500A95523 /* Stopwatch.app */;
			productType = "com.apple.product-type.application";
		};
		9F30F4721BD0A63600A95523 /* StopwatchTests */ = {
			isa = PBXNativeTarget;
			buildConfigurationList = 9F30F48A1BD0A63600A95523 /* Build configuration list for PBXNativeTarget "StopwatchTests" */;
			buildPhases = (
				9F30F46F1BD0A63600A95523 /* Sources */,
				9F30F4701BD0A63600A95523 /* Frameworks */,
				9F30F4711BD0A63600A95523 /* Resources */,
			);
			buildRules = (
			);
			dependencies = (
				9F30F4751BD0A63600A95523 /* PBXTargetDependency */,
			);
			name = StopwatchTests;
			productName = StopwatchTests;
			productReference = 9F30F4731BD0A63600A95523 /* StopwatchTests.xctest */;
			productType = "com.apple.product-type.bundle.unit-test";
		};
		9F30F47D1BD0A63600A95523 /* StopwatchUITests */ = {
			isa = PBXNativeTarget;
			buildConfigurationList = 9F30F48D1BD0A63600A95523 /* Build configuration list for PBXNativeTarget "StopwatchUITests" */;
			buildPhases = (
				9F30F47A1BD0A63600A95523 /* Sources */,
				9F30F47B1BD0A63600A95523 /* Frameworks */,
				9F30F47C1BD0A63600A95523 /* Resources */,
			);
			buildRules = (
			);
			dependencies = (
				9F30F4801BD0A63600A95523 /* PBXTargetDependency */,
			);
			name = StopwatchUITests;
			productName = StopwatchUITests;
			productReference = 9F30F47E1BD0A63600A95523 /* StopwatchUITests.xctest */;
			productType = "com.apple.product-type.bundle.ui-testing";
		};
/* End PBXNativeTarget section */

/* Begin PBXProject section */
		9F30F4571BD0A63500A95523 /* Project object */ = {
			isa = PBXProject;
			attributes = {
				LastUpgradeCheck = 0700;
				ORGANIZATIONNAME = "Kiran Kunigiri";
				TargetAttributes = {
					9F30F45E1BD0A63500A95523 = {
						CreatedOnToolsVersion = 7.0.1;
					};
					9F30F4721BD0A63600A95523 = {
						CreatedOnToolsVersion = 7.0.1;
						TestTargetID = 9F30F45E1BD0A63500A95523;
					};
					9F30F47D1BD0A63600A95523 = {
						CreatedOnToolsVersion = 7.0.1;
						TestTargetID = 9F30F45E1BD0A63500A95523;
					};
				};
			};
			buildConfigurationList = 9F30F45A1BD0A63500A95523 /* Build configuration list for PBXProject "Stopwatch" */;
			compatibilityVersion = "Xcode 3.2";
			developmentRegion = English;
			hasScannedForEncodings = 0;
			knownRegions = (
				en,
				Base,
			);
			mainGroup = 9F30F4561BD0A63500A95523;
			productRefGroup = 9F30F4601BD0A63500A95523 /* Products */;
			projectDirPath = "";
			projectRoot = "";
			targets = (
				9F30F45E1BD0A63500A95523 /* Stopwatch */,
				9F30F4721BD0A63600A95523 /* StopwatchTests */,
				9F30F47D1BD0A63600A95523 /* StopwatchUITests */,
			);
		};
/* End PBXProject section */

/* Begin PBXResourcesBuildPhase section */
		9F30F45D1BD0A63500A95523 /* Resources */ = {
			isa = PBXResourcesBuildPhase;
			buildActionMask = 2147483647;
			files = (
				9F30F46D1BD0A63600A95523 /* LaunchScreen.storyboard in Resources */,
				9F30F46A1BD0A63600A95523 /* Assets.xcassets in Resources */,
				9F30F4681BD0A63600A95523 /* Main.storyboard in Resources */,
			);
			runOnlyForDeploymentPostprocessing = 0;
		};
		9F30F4711BD0A63600A95523 /* Resources */ = {
			isa = PBXResourcesBuildPhase;
			buildActionMask = 2147483647;
			files = (
			);
			runOnlyForDeploymentPostprocessing = 0;
		};
		9F30F47C1BD0A63600A95523 /* Resources */ = {
			isa = PBXResourcesBuildPhase;
			buildActionMask = 2147483647;
			files = (
			);
			runOnlyForDeploymentPostprocessing = 0;
		};
/* End PBXResourcesBuildPhase section */

/* Begin PBXSourcesBuildPhase section */
		9F30F45B1BD0A63500A95523 /* Sources */ = {
			isa = PBXSourcesBuildPhase;
			buildActionMask = 2147483647;
			files = (
				9F30F4651BD0A63600A95523 /* ViewController.swift in Sources */,
				9F30F4931BD0B4EF00A95523 /* Stopwatch.swift in Sources */,
				9F30F4631BD0A63600A95523 /* AppDelegate.swift in Sources */,
			);
			runOnlyForDeploymentPostprocessing = 0;
		};
		9F30F46F1BD0A63600A95523 /* Sources */ = {
			isa = PBXSourcesBuildPhase;
			buildActionMask = 2147483647;
			files = (
				9F30F4781BD0A63600A95523 /* StopwatchTests.swift in Sources */,
			);
			runOnlyForDeploymentPostprocessing = 0;
		};
		9F30F47A1BD0A63600A95523 /* Sources */ = {
			isa = PBXSourcesBuildPhase;
			buildActionMask = 2147483647;
			files = (
				9F30F4831BD0A63600A95523 /* StopwatchUITests.swift in Sources */,
			);
			runOnlyForDeploymentPostprocessing = 0;
		};
/* End PBXSourcesBuildPhase section */

/* Begin PBXTargetDependency section */
		9F30F4751BD0A63600A95523 /* PBXTargetDependency */ = {
			isa = PBXTargetDependency;
			target = 9F30F45E1BD0A63500A95523 /* Stopwatch */;
			targetProxy = 9F30F4741BD0A63600A95523 /* PBXContainerItemProxy */;
		};
		9F30F4801BD0A63600A95523 /* PBXTargetDependency */ = {
			isa = PBXTargetDependency;
			target = 9F30F45E1BD0A63500A95523 /* Stopwatch */;
			targetProxy = 9F30F47F1BD0A63600A95523 /* PBXContainerItemProxy */;
		};
/* End PBXTargetDependency section */

/* Begin PBXVariantGroup section */
		9F30F4661BD0A63600A95523 /* Main.storyboard */ = {
			isa = PBXVariantGroup;
			children = (
				9F30F4671BD0A63600A95523 /* Base */,
			);
			name = Main.storyboard;
			sourceTree = "<group>";
		};
		9F30F46B1BD0A63600A95523 /* LaunchScreen.storyboard */ = {
			isa = PBXVariantGroup;
			children = (
				9F30F46C1BD0A63600A95523 /* Base */,
			);
			name = LaunchScreen.storyboard;
			sourceTree = "<group>";
		};
/* End PBXVariantGroup section */

/* Begin XCBuildConfiguration section */
		9F30F4851BD0A63600A95523 /* Debug */ = {
			isa = XCBuildConfiguration;
			buildSettings = {
				ALWAYS_SEARCH_USER_PATHS = NO;
				CLANG_CXX_LANGUAGE_STANDARD = "gnu++0x";
				CLANG_CXX_LIBRARY = "libc++";
				CLANG_ENABLE_MODULES = YES;
				CLANG_ENABLE_OBJC_ARC = YES;
				CLANG_WARN_BOOL_CONVERSION = YES;
				CLANG_WARN_CONSTANT_CONVERSION = YES;
				CLANG_WARN_DIRECT_OBJC_ISA_USAGE = YES_ERROR;
				CLANG_WARN_EMPTY_BODY = YES;
				CLANG_WARN_ENUM_CONVERSION = YES;
				CLANG_WARN_INT_CONVERSION = YES;
				CLANG_WARN_OBJC_ROOT_CLASS = YES_ERROR;
				CLANG_WARN_UNREACHABLE_CODE = YES;
				CLANG_WARN__DUPLICATE_METHOD_MATCH = YES;
				"CODE_SIGN_IDENTITY[sdk=iphoneos*]" = "iPhone Developer";
				COPY_PHASE_STRIP = NO;
				DEBUG_INFORMATION_FORMAT = dwarf;
				ENABLE_STRICT_OBJC_MSGSEND = YES;
				ENABLE_TESTABILITY = YES;
				GCC_C_LANGUAGE_STANDARD = gnu99;
				GCC_DYNAMIC_NO_PIC = NO;
				GCC_NO_COMMON_BLOCKS = YES;
				GCC_OPTIMIZATION_LEVEL = 0;
				GCC_PREPROCESSOR_DEFINITIONS = (
					"DEBUG=1",
					"$(inherited)",
				);
				GCC_WARN_64_TO_32_BIT_CONVERSION = YES;
				GCC_WARN_ABOUT_RETURN_TYPE = YES_ERROR;
				GCC_WARN_UNDECLARED_SELECTOR = YES;
				GCC_WARN_UNINITIALIZED_AUTOS = YES_AGGRESSIVE;
				GCC_WARN_UNUSED_FUNCTION = YES;
				GCC_WARN_UNUSED_VARIABLE = YES;
				IPHONEOS_DEPLOYMENT_TARGET = 9.0;
				MTL_ENABLE_DEBUG_INFO = YES;
				ONLY_ACTIVE_ARCH = YES;
				SDKROOT = iphoneos;
				SWIFT_OPTIMIZATION_LEVEL = "-Onone";
				TARGETED_DEVICE_FAMILY = "1,2";
			};
			name = Debug;
		};
		9F30F4861BD0A63600A95523 /* Release */ = {
			isa = XCBuildConfiguration;
			buildSettings = {
				ALWAYS_SEARCH_USER_PATHS = NO;
				CLANG_CXX_LANGUAGE_STANDARD = "gnu++0x";
				CLANG_CXX_LIBRARY = "libc++";
				CLANG_ENABLE_MODULES = YES;
				CLANG_ENABLE_OBJC_ARC = YES;
				CLANG_WARN_BOOL_CONVERSION = YES;
				CLANG_WARN_CONSTANT_CONVERSION = YES;
				CLANG_WARN_DIRECT_OBJC_ISA_USAGE = YES_ERROR;
				CLANG_WARN_EMPTY_BODY = YES;
				CLANG_WARN_ENUM_CONVERSION = YES;
				CLANG_WARN_INT_CONVERSION = YES;
				CLANG_WARN_OBJC_ROOT_CLASS = YES_ERROR;
				CLANG_WARN_UNREACHABLE_CODE = YES;
				CLANG_WARN__DUPLICATE_METHOD_MATCH = YES;
				"CODE_SIGN_IDENTITY[sdk=iphoneos*]" = "iPhone Developer";
				COPY_PHASE_STRIP = NO;
				DEBUG_INFORMATION_FORMAT = "dwarf-with-dsym";
				ENABLE_NS_ASSERTIONS = NO;
				ENABLE_STRICT_OBJC_MSGSEND = YES;
				GCC_C_LANGUAGE_STANDARD = gnu99;
				GCC_NO_COMMON_BLOCKS = YES;
				GCC_WARN_64_TO_32_BIT_CONVERSION = YES;
				GCC_WARN_ABOUT_RETURN_TYPE = YES_ERROR;
				GCC_WARN_UNDECLARED_SELECTOR = YES;
				GCC_WARN_UNINITIALIZED_AUTOS = YES_AGGRESSIVE;
				GCC_WARN_UNUSED_FUNCTION = YES;
				GCC_WARN_UNUSED_VARIABLE = YES;
				IPHONEOS_DEPLOYMENT_TARGET = 9.0;
				MTL_ENABLE_DEBUG_INFO = NO;
				SDKROOT = iphoneos;
				TARGETED_DEVICE_FAMILY = "1,2";
				VALIDATE_PRODUCT = YES;
			};
			name = Release;
		};
		9F30F4881BD0A63600A95523 /* Debug */ = {
			isa = XCBuildConfiguration;
			buildSettings = {
				ASSETCATALOG_COMPILER_APPICON_NAME = AppIcon;
				INFOPLIST_FILE = Stopwatch/Info.plist;
				LD_RUNPATH_SEARCH_PATHS = "$(inherited) @executable_path/Frameworks";
				PRODUCT_BUNDLE_IDENTIFIER = self.edu.Stopwatch;
				PRODUCT_NAME = "$(TARGET_NAME)";
			};
			name = Debug;
		};
		9F30F4891BD0A63600A95523 /* Release */ = {
			isa = XCBuildConfiguration;
			buildSettings = {
				ASSETCATALOG_COMPILER_APPICON_NAME = AppIcon;
				INFOPLIST_FILE = Stopwatch/Info.plist;
				LD_RUNPATH_SEARCH_PATHS = "$(inherited) @executable_path/Frameworks";
				PRODUCT_BUNDLE_IDENTIFIER = self.edu.Stopwatch;
				PRODUCT_NAME = "$(TARGET_NAME)";
			};
			name = Release;
		};
		9F30F48B1BD0A63600A95523 /* Debug */ = {
			isa = XCBuildConfiguration;
			buildSettings = {
				BUNDLE_LOADER = "$(TEST_HOST)";
				INFOPLIST_FILE = StopwatchTests/Info.plist;
				LD_RUNPATH_SEARCH_PATHS = "$(inherited) @executable_path/Frameworks @loader_path/Frameworks";
				PRODUCT_BUNDLE_IDENTIFIER = self.edu.StopwatchTests;
				PRODUCT_NAME = "$(TARGET_NAME)";
				TEST_HOST = "$(BUILT_PRODUCTS_DIR)/Stopwatch.app/Stopwatch";
			};
			name = Debug;
		};
		9F30F48C1BD0A63600A95523 /* Release */ = {
			isa = XCBuildConfiguration;
			buildSettings = {
				BUNDLE_LOADER = "$(TEST_HOST)";
				INFOPLIST_FILE = StopwatchTests/Info.plist;
				LD_RUNPATH_SEARCH_PATHS = "$(inherited) @executable_path/Frameworks @loader_path/Frameworks";
				PRODUCT_BUNDLE_IDENTIFIER = self.edu.StopwatchTests;
				PRODUCT_NAME = "$(TARGET_NAME)";
				TEST_HOST = "$(BUILT_PRODUCTS_DIR)/Stopwatch.app/Stopwatch";
			};
			name = Release;
		};
		9F30F48E1BD0A63600A95523 /* Debug */ = {
			isa = XCBuildConfiguration;
			buildSettings = {
				INFOPLIST_FILE = StopwatchUITests/Info.plist;
				LD_RUNPATH_SEARCH_PATHS = "$(inherited) @executable_path/Frameworks @loader_path/Frameworks";
				PRODUCT_BUNDLE_IDENTIFIER = self.edu.StopwatchUITests;
				PRODUCT_NAME = "$(TARGET_NAME)";
				TEST_TARGET_NAME = Stopwatch;
				USES_XCTRUNNER = YES;
			};
			name = Debug;
		};
		9F30F48F1BD0A63600A95523 /* Release */ = {
			isa = XCBuildConfiguration;
			buildSettings = {
				INFOPLIST_FILE = StopwatchUITests/Info.plist;
				LD_RUNPATH_SEARCH_PATHS = "$(inherited) @executable_path/Frameworks @loader_path/Frameworks";
				PRODUCT_BUNDLE_IDENTIFIER = self.edu.StopwatchUITests;
				PRODUCT_NAME = "$(TARGET_NAME)";
				TEST_TARGET_NAME = Stopwatch;
				USES_XCTRUNNER = YES;
			};
			name = Release;
		};
/* End XCBuildConfiguration section */

/* Begin XCConfigurationList section */
		9F30F45A1BD0A63500A95523 /* Build configuration list for PBXProject "Stopwatch" */ = {
			isa = XCConfigurationList;
			buildConfigurations = (
				9F30F4851BD0A63600A95523 /* Debug */,
				9F30F4861BD0A63600A95523 /* Release */,
			);
			defaultConfigurationIsVisible = 0;
			defaultConfigurationName = Release;
		};
		9F30F4871BD0A63600A95523 /* Build configuration list for PBXNativeTarget "Stopwatch" */ = {
			isa = XCConfigurationList;
			buildConfigurations = (
				9F30F4881BD0A63600A95523 /* Debug */,
				9F30F4891BD0A63600A95523 /* Release */,
			);
			defaultConfigurationIsVisible = 0;
		};
		9F30F48A1BD0A63600A95523 /* Build configuration list for PBXNativeTarget "StopwatchTests" */ = {
			isa = XCConfigurationList;
			buildConfigurations = (
				9F30F48B1BD0A63600A95523 /* Debug */,
				9F30F48C1BD0A63600A95523 /* Release */,
			);
			defaultConfigurationIsVisible = 0;
		};
		9F30F48D1BD0A63600A95523 /* Build configuration list for PBXNativeTarget "StopwatchUITests" */ = {
			isa = XCConfigurationList;
			buildConfigurations = (
				9F30F48E1BD0A63600A95523 /* Debug */,
				9F30F48F1BD0A63600A95523 /* Release */,
			);
			defaultConfigurationIsVisible = 0;
		};
/* End XCConfigurationList section */
	};
	rootObject = 9F30F4571BD0A63500A95523 /* Project object */;
}
